{
  "version": 1,
  "dependencies": {
    "net8.0": {
      "NuGet.Common": {
        "type": "Direct",
        "requested": "[6.10.0, )",
        "resolved": "6.10.0",
        "contentHash": "ujuzfDwUylDALwZmqRi7I5Jx4E9/8vR2c0Hq8zRj8zCkR8KarSp84WPJ2uE/qwAOjpBYGek06wWgGJ3ABQ/WxA==",
        "dependencies": {
          "NuGet.Frameworks": "6.10.0"
        }
      },
      "NuGet.Frameworks": {
        "type": "Transitive",
        "resolved": "6.10.0",
        "contentHash": "bKaC87Q8rxK7ozFN9Eyo0YVUmd4r2s8pbNxHI7sHRqL16OAP0yEdCU5wpDkG9cKLHpZCahgoQUfAVC0UadVU+A=="
      }
    }
  }
}